
Microsoft Visual Studio Solution File, Format Version 12.00
# Visual Studio Version 17
VisualStudioVersion = 17.11.35327.3
MinimumVisualStudioVersion = 10.0.40219.1
Project("{9092AA53-FB77-4645-B42D-1CCCA6BD08BD}") = "Api", "Api\Api.njsproj", "{3019B5F8-CB37-4409-B6D4-75C7635BD389}"
EndProject
Project("{54A90642-561A-4BB1-A94E-469ADEE60C69}") = "Ecommerce", "Ecommerce\Ecommerce.esproj", "{FF4BA76D-F15D-41B2-9F26-7AF511C70E51}"
EndProject
Global
	GlobalSection(SolutionConfigurationPlatforms) = preSolution
		Debug|Any CPU = Debug|Any CPU
		Release|Any CPU = Release|Any CPU
	EndGlobalSection
	GlobalSection(ProjectConfigurationPlatforms) = postSolution
		{3019B5F8-CB37-4409-B6D4-75C7635BD389}.Debug|Any CPU.ActiveCfg = Debug|Any CPU
		{3019B5F8-CB37-4409-B6D4-75C7635BD389}.Debug|Any CPU.Build.0 = Debug|Any CPU
		{3019B5F8-CB37-4409-B6D4-75C7635BD389}.Release|Any CPU.ActiveCfg = Release|Any CPU
		{3019B5F8-CB37-4409-B6D4-75C7635BD389}.Release|Any CPU.Build.0 = Release|Any CPU
		{FF4BA76D-F15D-41B2-9F26-7AF511C70E51}.Debug|Any CPU.ActiveCfg = Debug|Any CPU
		{FF4BA76D-F15D-41B2-9F26-7AF511C70E51}.Debug|Any CPU.Build.0 = Debug|Any CPU
		{FF4BA76D-F15D-41B2-9F26-7AF511C70E51}.Debug|Any CPU.Deploy.0 = Debug|Any CPU
		{FF4BA76D-F15D-41B2-9F26-7AF511C70E51}.Release|Any CPU.ActiveCfg = Release|Any CPU
		{FF4BA76D-F15D-41B2-9F26-7AF511C70E51}.Release|Any CPU.Build.0 = Release|Any CPU
		{FF4BA76D-F15D-41B2-9F26-7AF511C70E51}.Release|Any CPU.Deploy.0 = Release|Any CPU
	EndGlobalSection
	GlobalSection(SolutionProperties) = preSolution
		HideSolutionNode = FALSE
	EndGlobalSection
	GlobalSection(ExtensibilityGlobals) = postSolution
		SolutionGuid = {2EBEE07C-BA6E-45C3-AAFC-950C165ABCCE}
	EndGlobalSection
EndGlobal
